{
  "requires": true,
  "lockfileVersion": 1,
  "dependencies": {
    "jquery": {
      "version": "2.2.4",
      "resolved": "https://registry.npmjs.org/jquery/-/jquery-2.2.4.tgz",
      "integrity": "sha1-LInWiJterFIqfuoywUUhVZxsvwI="
    },
    "jquery-sortable-lists": {
      "version": "2.0.1",
      "resolved": "https://registry.npmjs.org/jquery-sortable-lists/-/jquery-sortable-lists-2.0.1.tgz",
      "integrity": "sha512-vP16fctPKJaMhOoZO/FwBTv6DwEIePdurpON4MOIpi3LTJu+CLRKUOJDu8lEpQeYb/URfb1sjftLJoTHVcLHew==",
      "requires": {
        "jquery": ">=1 <3.0.0"
      }
    }
  }
}
